
Microsoft Visual Studio Solution File, Format Version 12.00
# Visual Studio Version 16
VisualStudioVersion = 16.0.29613.14
MinimumVisualStudioVersion = 10.0.40219.1
Project("{FAE04EC0-301F-11D3-BF4B-00C04F79EFBC}") = "PlugnPlayTest2.Android", "PlugnPlayTest2\PlugnPlayTest2.Android\PlugnPlayTest2.Android.csproj", "{1A7A1A81-9352-4328-8E05-EBDDB8AEC2B6}"
EndProject
Project("{FAE04EC0-301F-11D3-BF4B-00C04F79EFBC}") = "PlugnPlayTest2.iOS", "PlugnPlayTest2\PlugnPlayTest2.iOS\PlugnPlayTest2.iOS.csproj", "{580DF498-FE2E-4860-91DE-1166BE10CEF5}"
EndProject
Project("{9A19103F-16F7-4668-BE54-9A1E7A4F7556}") = "PlugnPlayTest2", "PlugnPlayTest2\PlugnPlayTest2\PlugnPlayTest2.csproj", "{B0BB2B03-6A33-4883-A9E6-117941A8B483}"
EndProject
Project("{FAE04EC0-301F-11D3-BF4B-00C04F79EFBC}") = "PlugnPlayTest2.UWP", "PlugnPlayTest2.UWP\PlugnPlayTest2.UWP.csproj", "{66EB7958-7589-4F66-B230-471CF8476DAB}"
EndProject
Global
	GlobalSection(SolutionConfigurationPlatforms) = preSolution
		Debug|Any CPU = Debug|Any CPU
		Debug|ARM = Debug|ARM
		Debug|ARM64 = Debug|ARM64
		Debug|iPhone = Debug|iPhone
		Debug|iPhoneSimulator = Debug|iPhoneSimulator
		Debug|x64 = Debug|x64
		Debug|x86 = Debug|x86
		Release|Any CPU = Release|Any CPU
		Release|ARM = Release|ARM
		Release|ARM64 = Release|ARM64
		Release|iPhone = Release|iPhone
		Release|iPhoneSimulator = Release|iPhoneSimulator
		Release|x64 = Release|x64
		Release|x86 = Release|x86
	EndGlobalSection
	GlobalSection(ProjectConfigurationPlatforms) = postSolution
		{1A7A1A81-9352-4328-8E05-EBDDB8AEC2B6}.Debug|Any CPU.ActiveCfg = Debug|Any CPU
		{1A7A1A81-9352-4328-8E05-EBDDB8AEC2B6}.Debug|Any CPU.Build.0 = Debug|Any CPU
		{1A7A1A81-9352-4328-8E05-EBDDB8AEC2B6}.Debug|Any CPU.Deploy.0 = Debug|Any CPU
		{1A7A1A81-9352-4328-8E05-EBDDB8AEC2B6}.Debug|ARM.ActiveCfg = Debug|Any CPU
		{1A7A1A81-9352-4328-8E05-EBDDB8AEC2B6}.Debug|ARM.Build.0 = Debug|Any CPU
		{1A7A1A81-9352-4328-8E05-EBDDB8AEC2B6}.Debug|ARM.Deploy.0 = Debug|Any CPU
		{1A7A1A81-9352-4328-8E05-EBDDB8AEC2B6}.Debug|ARM64.ActiveCfg = Debug|Any CPU
		{1A7A1A81-9352-4328-8E05-EBDDB8AEC2B6}.Debug|ARM64.Build.0 = Debug|Any CPU
		{1A7A1A81-9352-4328-8E05-EBDDB8AEC2B6}.Debug|ARM64.Deploy.0 = Debug|Any CPU
		{1A7A1A81-9352-4328-8E05-EBDDB8AEC2B6}.Debug|iPhone.ActiveCfg = Debug|Any CPU
		{1A7A1A81-9352-4328-8E05-EBDDB8AEC2B6}.Debug|iPhone.Build.0 = Debug|Any CPU
		{1A7A1A81-9352-4328-8E05-EBDDB8AEC2B6}.Debug|iPhone.Deploy.0 = Debug|Any CPU
		{1A7A1A81-9352-4328-8E05-EBDDB8AEC2B6}.Debug|iPhoneSimulator.ActiveCfg = Debug|Any CPU
		{1A7A1A81-9352-4328-8E05-EBDDB8AEC2B6}.Debug|iPhoneSimulator.Build.0 = Debug|Any CPU
		{1A7A1A81-9352-4328-8E05-EBDDB8AEC2B6}.Debug|iPhoneSimulator.Deploy.0 = Debug|Any CPU
		{1A7A1A81-9352-4328-8E05-EBDDB8AEC2B6}.Debug|x64.ActiveCfg = Debug|Any CPU
		{1A7A1A81-9352-4328-8E05-EBDDB8AEC2B6}.Debug|x64.Build.0 = Debug|Any CPU
		{1A7A1A81-9352-4328-8E05-EBDDB8AEC2B6}.Debug|x64.Deploy.0 = Debug|Any CPU
		{1A7A1A81-9352-4328-8E05-EBDDB8AEC2B6}.Debug|x86.ActiveCfg = Debug|Any CPU
		{1A7A1A81-9352-4328-8E05-EBDDB8AEC2B6}.Debug|x86.Build.0 = Debug|Any CPU
		{1A7A1A81-9352-4328-8E05-EBDDB8AEC2B6}.Debug|x86.Deploy.0 = Debug|Any CPU
		{1A7A1A81-9352-4328-8E05-EBDDB8AEC2B6}.Release|Any CPU.ActiveCfg = Release|Any CPU
		{1A7A1A81-9352-4328-8E05-EBDDB8AEC2B6}.Release|Any CPU.Build.0 = Release|Any CPU
		{1A7A1A81-9352-4328-8E05-EBDDB8AEC2B6}.Release|Any CPU.Deploy.0 = Release|Any CPU
		{1A7A1A81-9352-4328-8E05-EBDDB8AEC2B6}.Release|ARM.ActiveCfg = Release|Any CPU
		{1A7A1A81-9352-4328-8E05-EBDDB8AEC2B6}.Release|ARM.Build.0 = Release|Any CPU
		{1A7A1A81-9352-4328-8E05-EBDDB8AEC2B6}.Release|ARM.Deploy.0 = Release|Any CPU
		{1A7A1A81-9352-4328-8E05-EBDDB8AEC2B6}.Release|ARM64.ActiveCfg = Release|Any CPU
		{1A7A1A81-9352-4328-8E05-EBDDB8AEC2B6}.Release|ARM64.Build.0 = Release|Any CPU
		{1A7A1A81-9352-4328-8E05-EBDDB8AEC2B6}.Release|ARM64.Deploy.0 = Release|Any CPU
		{1A7A1A81-9352-4328-8E05-EBDDB8AEC2B6}.Release|iPhone.ActiveCfg = Release|Any CPU
		{1A7A1A81-9352-4328-8E05-EBDDB8AEC2B6}.Release|iPhone.Build.0 = Release|Any CPU
		{1A7A1A81-9352-4328-8E05-EBDDB8AEC2B6}.Release|iPhone.Deploy.0 = Release|Any CPU
		{1A7A1A81-9352-4328-8E05-EBDDB8AEC2B6}.Release|iPhoneSimulator.ActiveCfg = Release|Any CPU
		{1A7A1A81-9352-4328-8E05-EBDDB8AEC2B6}.Release|iPhoneSimulator.Build.0 = Release|Any CPU
		{1A7A1A81-9352-4328-8E05-EBDDB8AEC2B6}.Release|iPhoneSimulator.Deploy.0 = Release|Any CPU
		{1A7A1A81-9352-4328-8E05-EBDDB8AEC2B6}.Release|x64.ActiveCfg = Release|Any CPU
		{1A7A1A81-9352-4328-8E05-EBDDB8AEC2B6}.Release|x64.Build.0 = Release|Any CPU
		{1A7A1A81-9352-4328-8E05-EBDDB8AEC2B6}.Release|x64.Deploy.0 = Release|Any CPU
		{1A7A1A81-9352-4328-8E05-EBDDB8AEC2B6}.Release|x86.ActiveCfg = Release|Any CPU
		{1A7A1A81-9352-4328-8E05-EBDDB8AEC2B6}.Release|x86.Build.0 = Release|Any CPU
		{1A7A1A81-9352-4328-8E05-EBDDB8AEC2B6}.Release|x86.Deploy.0 = Release|Any CPU
		{580DF498-FE2E-4860-91DE-1166BE10CEF5}.Debug|Any CPU.ActiveCfg = Debug|iPhoneSimulator
		{580DF498-FE2E-4860-91DE-1166BE10CEF5}.Debug|Any CPU.Build.0 = Debug|iPhoneSimulator
		{580DF498-FE2E-4860-91DE-1166BE10CEF5}.Debug|Any CPU.Deploy.0 = Debug|iPhoneSimulator
		{580DF498-FE2E-4860-91DE-1166BE10CEF5}.Debug|ARM.ActiveCfg = Debug|iPhone
		{580DF498-FE2E-4860-91DE-1166BE10CEF5}.Debug|ARM64.ActiveCfg = Debug|iPhone
		{580DF498-FE2E-4860-91DE-1166BE10CEF5}.Debug|iPhone.ActiveCfg = Debug|iPhone
		{580DF498-FE2E-4860-91DE-1166BE10CEF5}.Debug|iPhone.Build.0 = Debug|iPhone
		{580DF498-FE2E-4860-91DE-1166BE10CEF5}.Debug|iPhone.Deploy.0 = Debug|iPhone
		{580DF498-FE2E-4860-91DE-1166BE10CEF5}.Debug|iPhoneSimulator.ActiveCfg = Debug|iPhoneSimulator
		{580DF498-FE2E-4860-91DE-1166BE10CEF5}.Debug|iPhoneSimulator.Build.0 = Debug|iPhoneSimulator
		{580DF498-FE2E-4860-91DE-1166BE10CEF5}.Debug|iPhoneSimulator.Deploy.0 = Debug|iPhoneSimulator
		{580DF498-FE2E-4860-91DE-1166BE10CEF5}.Debug|x64.ActiveCfg = Debug|iPhone
		{580DF498-FE2E-4860-91DE-1166BE10CEF5}.Debug|x86.ActiveCfg = Debug|iPhone
		{580DF498-FE2E-4860-91DE-1166BE10CEF5}.Release|Any CPU.ActiveCfg = Release|iPhone
		{580DF498-FE2E-4860-91DE-1166BE10CEF5}.Release|Any CPU.Build.0 = Release|iPhone
		{580DF498-FE2E-4860-91DE-1166BE10CEF5}.Release|Any CPU.Deploy.0 = Release|iPhone
		{580DF498-FE2E-4860-91DE-1166BE10CEF5}.Release|ARM.ActiveCfg = Release|iPhoneSimulator
		{580DF498-FE2E-4860-91DE-1166BE10CEF5}.Release|ARM64.ActiveCfg = Release|iPhoneSimulator
		{580DF498-FE2E-4860-91DE-1166BE10CEF5}.Release|iPhone.ActiveCfg = Release|iPhone
		{580DF498-FE2E-4860-91DE-1166BE10CEF5}.Release|iPhone.Build.0 = Release|iPhone
		{580DF498-FE2E-4860-91DE-1166BE10CEF5}.Release|iPhone.Deploy.0 = Release|iPhone
		{580DF498-FE2E-4860-91DE-1166BE10CEF5}.Release|iPhoneSimulator.ActiveCfg = Release|iPhoneSimulator
		{580DF498-FE2E-4860-91DE-1166BE10CEF5}.Release|iPhoneSimulator.Build.0 = Release|iPhoneSimulator
		{580DF498-FE2E-4860-91DE-1166BE10CEF5}.Release|iPhoneSimulator.Deploy.0 = Release|iPhoneSimulator
		{580DF498-FE2E-4860-91DE-1166BE10CEF5}.Release|x64.ActiveCfg = Release|iPhoneSimulator
		{580DF498-FE2E-4860-91DE-1166BE10CEF5}.Release|x86.ActiveCfg = Release|iPhoneSimulator
		{B0BB2B03-6A33-4883-A9E6-117941A8B483}.Debug|Any CPU.ActiveCfg = Debug|Any CPU
		{B0BB2B03-6A33-4883-A9E6-117941A8B483}.Debug|Any CPU.Build.0 = Debug|Any CPU
		{B0BB2B03-6A33-4883-A9E6-117941A8B483}.Debug|Any CPU.Deploy.0 = Debug|Any CPU
		{B0BB2B03-6A33-4883-A9E6-117941A8B483}.Debug|ARM.ActiveCfg = Debug|Any CPU
		{B0BB2B03-6A33-4883-A9E6-117941A8B483}.Debug|ARM.Build.0 = Debug|Any CPU
		{B0BB2B03-6A33-4883-A9E6-117941A8B483}.Debug|ARM64.ActiveCfg = Debug|Any CPU
		{B0BB2B03-6A33-4883-A9E6-117941A8B483}.Debug|ARM64.Build.0 = Debug|Any CPU
		{B0BB2B03-6A33-4883-A9E6-117941A8B483}.Debug|iPhone.ActiveCfg = Debug|Any CPU
		{B0BB2B03-6A33-4883-A9E6-117941A8B483}.Debug|iPhone.Build.0 = Debug|Any CPU
		{B0BB2B03-6A33-4883-A9E6-117941A8B483}.Debug|iPhone.Deploy.0 = Debug|Any CPU
		{B0BB2B03-6A33-4883-A9E6-117941A8B483}.Debug|iPhoneSimulator.ActiveCfg = Debug|Any CPU
		{B0BB2B03-6A33-4883-A9E6-117941A8B483}.Debug|iPhoneSimulator.Build.0 = Debug|Any CPU
		{B0BB2B03-6A33-4883-A9E6-117941A8B483}.Debug|iPhoneSimulator.Deploy.0 = Debug|Any CPU
		{B0BB2B03-6A33-4883-A9E6-117941A8B483}.Debug|x64.ActiveCfg = Debug|Any CPU
		{B0BB2B03-6A33-4883-A9E6-117941A8B483}.Debug|x64.Build.0 = Debug|Any CPU
		{B0BB2B03-6A33-4883-A9E6-117941A8B483}.Debug|x86.ActiveCfg = Debug|Any CPU
		{B0BB2B03-6A33-4883-A9E6-117941A8B483}.Debug|x86.Build.0 = Debug|Any CPU
		{B0BB2B03-6A33-4883-A9E6-117941A8B483}.Release|Any CPU.ActiveCfg = Release|Any CPU
		{B0BB2B03-6A33-4883-A9E6-117941A8B483}.Release|Any CPU.Build.0 = Release|Any CPU
		{B0BB2B03-6A33-4883-A9E6-117941A8B483}.Release|Any CPU.Deploy.0 = Release|Any CPU
		{B0BB2B03-6A33-4883-A9E6-117941A8B483}.Release|ARM.ActiveCfg = Release|Any CPU
		{B0BB2B03-6A33-4883-A9E6-117941A8B483}.Release|ARM.Build.0 = Release|Any CPU
		{B0BB2B03-6A33-4883-A9E6-117941A8B483}.Release|ARM64.ActiveCfg = Release|Any CPU
		{B0BB2B03-6A33-4883-A9E6-117941A8B483}.Release|ARM64.Build.0 = Release|Any CPU
		{B0BB2B03-6A33-4883-A9E6-117941A8B483}.Release|iPhone.ActiveCfg = Release|Any CPU
		{B0BB2B03-6A33-4883-A9E6-117941A8B483}.Release|iPhone.Build.0 = Release|Any CPU
		{B0BB2B03-6A33-4883-A9E6-117941A8B483}.Release|iPhone.Deploy.0 = Release|Any CPU
		{B0BB2B03-6A33-4883-A9E6-117941A8B483}.Release|iPhoneSimulator.ActiveCfg = Release|Any CPU
		{B0BB2B03-6A33-4883-A9E6-117941A8B483}.Release|iPhoneSimulator.Build.0 = Release|Any CPU
		{B0BB2B03-6A33-4883-A9E6-117941A8B483}.Release|iPhoneSimulator.Deploy.0 = Release|Any CPU
		{B0BB2B03-6A33-4883-A9E6-117941A8B483}.Release|x64.ActiveCfg = Release|Any CPU
		{B0BB2B03-6A33-4883-A9E6-117941A8B483}.Release|x64.Build.0 = Release|Any CPU
		{B0BB2B03-6A33-4883-A9E6-117941A8B483}.Release|x86.ActiveCfg = Release|Any CPU
		{B0BB2B03-6A33-4883-A9E6-117941A8B483}.Release|x86.Build.0 = Release|Any CPU
		{66EB7958-7589-4F66-B230-471CF8476DAB}.Debug|Any CPU.ActiveCfg = Debug|x86
		{66EB7958-7589-4F66-B230-471CF8476DAB}.Debug|Any CPU.Build.0 = Debug|x86
		{66EB7958-7589-4F66-B230-471CF8476DAB}.Debug|Any CPU.Deploy.0 = Debug|x86
		{66EB7958-7589-4F66-B230-471CF8476DAB}.Debug|ARM.ActiveCfg = Debug|ARM
		{66EB7958-7589-4F66-B230-471CF8476DAB}.Debug|ARM.Build.0 = Debug|ARM
		{66EB7958-7589-4F66-B230-471CF8476DAB}.Debug|ARM.Deploy.0 = Debug|ARM
		{66EB7958-7589-4F66-B230-471CF8476DAB}.Debug|ARM64.ActiveCfg = Debug|ARM64
		{66EB7958-7589-4F66-B230-471CF8476DAB}.Debug|ARM64.Build.0 = Debug|ARM64
		{66EB7958-7589-4F66-B230-471CF8476DAB}.Debug|ARM64.Deploy.0 = Debug|ARM64
		{66EB7958-7589-4F66-B230-471CF8476DAB}.Debug|iPhone.ActiveCfg = Debug|x86
		{66EB7958-7589-4F66-B230-471CF8476DAB}.Debug|iPhoneSimulator.ActiveCfg = Debug|x86
		{66EB7958-7589-4F66-B230-471CF8476DAB}.Debug|x64.ActiveCfg = Debug|x64
		{66EB7958-7589-4F66-B230-471CF8476DAB}.Debug|x64.Build.0 = Debug|x64
		{66EB7958-7589-4F66-B230-471CF8476DAB}.Debug|x64.Deploy.0 = Debug|x64
		{66EB7958-7589-4F66-B230-471CF8476DAB}.Debug|x86.ActiveCfg = Debug|x86
		{66EB7958-7589-4F66-B230-471CF8476DAB}.Debug|x86.Build.0 = Debug|x86
		{66EB7958-7589-4F66-B230-471CF8476DAB}.Debug|x86.Deploy.0 = Debug|x86
		{66EB7958-7589-4F66-B230-471CF8476DAB}.Release|Any CPU.ActiveCfg = Release|x86
		{66EB7958-7589-4F66-B230-471CF8476DAB}.Release|ARM.ActiveCfg = Release|ARM
		{66EB7958-7589-4F66-B230-471CF8476DAB}.Release|ARM.Build.0 = Release|ARM
		{66EB7958-7589-4F66-B230-471CF8476DAB}.Release|ARM.Deploy.0 = Release|ARM
		{66EB7958-7589-4F66-B230-471CF8476DAB}.Release|ARM64.ActiveCfg = Release|ARM64
		{66EB7958-7589-4F66-B230-471CF8476DAB}.Release|ARM64.Build.0 = Release|ARM64
		{66EB7958-7589-4F66-B230-471CF8476DAB}.Release|ARM64.Deploy.0 = Release|ARM64
		{66EB7958-7589-4F66-B230-471CF8476DAB}.Release|iPhone.ActiveCfg = Release|x86
		{66EB7958-7589-4F66-B230-471CF8476DAB}.Release|iPhoneSimulator.ActiveCfg = Release|x86
		{66EB7958-7589-4F66-B230-471CF8476DAB}.Release|x64.ActiveCfg = Release|x64
		{66EB7958-7589-4F66-B230-471CF8476DAB}.Release|x64.Build.0 = Release|x64
		{66EB7958-7589-4F66-B230-471CF8476DAB}.Release|x64.Deploy.0 = Release|x64
		{66EB7958-7589-4F66-B230-471CF8476DAB}.Release|x86.ActiveCfg = Release|x86
		{66EB7958-7589-4F66-B230-471CF8476DAB}.Release|x86.Build.0 = Release|x86
		{66EB7958-7589-4F66-B230-471CF8476DAB}.Release|x86.Deploy.0 = Release|x86
	EndGlobalSection
	GlobalSection(SolutionProperties) = preSolution
		HideSolutionNode = FALSE
	EndGlobalSection
	GlobalSection(ExtensibilityGlobals) = postSolution
		SolutionGuid = {84F111B1-79E3-4F02-88C2-8CCAF44F7046}
	EndGlobalSection
EndGlobal
